
Microsoft Visual Studio Solution File, Format Version 12.00
# Visual Studio 14
VisualStudioVersion = 14.0.25123.0
MinimumVisualStudioVersion = 10.0.40219.1
Project("{FAE04EC0-301F-11D3-BF4B-00C04F79EFBC}") = "ProjectEulerProductSeries2", "ProjectEulerProductSeries2\ProjectEulerProductSeries2.csproj", "{9B1DC7E9-CE02-4843-BDA0-C1372F12F08D}"
EndProject
Global
	GlobalSection(SolutionConfigurationPlatforms) = preSolution
		Debug|Any CPU = Debug|Any CPU
		Release|Any CPU = Release|Any CPU
	EndGlobalSection
	GlobalSection(ProjectConfigurationPlatforms) = postSolution
		{9B1DC7E9-CE02-4843-BDA0-C1372F12F08D}.Debug|Any CPU.ActiveCfg = Debug|Any CPU
		{9B1DC7E9-CE02-4843-BDA0-C1372F12F08D}.Debug|Any CPU.Build.0 = Debug|Any CPU
		{9B1DC7E9-CE02-4843-BDA0-C1372F12F08D}.Release|Any CPU.ActiveCfg = Release|Any CPU
		{9B1DC7E9-CE02-4843-BDA0-C1372F12F08D}.Release|Any CPU.Build.0 = Release|Any CPU
	EndGlobalSection
	GlobalSection(SolutionProperties) = preSolution
		HideSolutionNode = FALSE
	EndGlobalSection
EndGlobal
